{
  "name": "@egjs/ngx-grid",
  "version": "1.17.0",
  "lockfileVersion": 2,
  "requires": true,
  "packages": {
    "": {
      "name": "@egjs/ngx-grid",
      "version": "1.17.0",
      "license": "MIT",
      "dependencies": {
        "@egjs/grid": "~1.18.0"
      }
    },
    "node_modules/@cfcs/core": {
      "version": "0.0.24",
      "resolved": "https://registry.npmjs.org/@cfcs/core/-/core-0.0.24.tgz",
      "integrity": "sha512-feB38qu+eDk0Pggh/yR7gjaNmvUYA2uCxHP3Pz2MLE4LZ/9jPdtu8bzCSI47yTEhWyZCF5Pk698hdz8IN2mTjA==",
      "license": "MIT",
      "dependencies": {
        "@egjs/component": "^3.0.4"
      }
    },
    "node_modules/@egjs/children-differ": {
      "version": "1.0.1",
      "resolved": "https://registry.npmjs.org/@egjs/children-differ/-/children-differ-1.0.1.tgz",
      "integrity": "sha512-DRvyqMf+CPCOzAopQKHtW+X8iN6Hy6SFol+/7zCUiE5y4P/OB8JP8FtU4NxtZwtafvSL4faD5KoQYPj3JHzPFQ==",
      "dependencies": {
        "@egjs/list-differ": "^1.0.0"
      }
    },
    "node_modules/@egjs/component": {
      "version": "3.0.5",
      "resolved": "https://registry.npmjs.org/@egjs/component/-/component-3.0.5.tgz",
      "integrity": "sha512-cLcGizTrrUNA2EYE3MBmEDt2tQv1joVP1Q3oDisZ5nw0MZDx2kcgEXM+/kZpfa/PAkFvYVhRUZwytIQWoN3V/w==",
      "license": "MIT"
    },
    "node_modules/@egjs/grid": {
      "version": "1.18.0",
      "resolved": "https://registry.npmjs.org/@egjs/grid/-/grid-1.18.0.tgz",
      "integrity": "sha512-4iTFbSwk4/XEciFRh0ggpFz3dzja24JQ9dn3/7u3tz0E1YLvtoM0FfcQOwkV+g8P+XNb90L2ZICLhy4OIpW0mw==",
      "license": "MIT",
      "dependencies": {
        "@egjs/children-differ": "^1.0.1",
        "@egjs/component": "^3.0.0",
        "@egjs/imready": "^1.4.2"
      }
    },
    "node_modules/@egjs/imready": {
      "version": "1.4.2",
      "resolved": "https://registry.npmjs.org/@egjs/imready/-/imready-1.4.2.tgz",
      "integrity": "sha512-ckV7KlBa23Bw6iZP59W2cMZfAmV5q0BtMoOz7ZkzIvjoOtkxfLZkqVJROSgDP5Ha0hsnskyL4vtom9Bt7FZSRQ==",
      "license": "MIT",
      "dependencies": {
        "@cfcs/core": "^0.0.24",
        "@egjs/component": "^3.0.1"
      }
    },
    "node_modules/@egjs/list-differ": {
      "version": "1.0.0",
      "resolved": "https://registry.npmjs.org/@egjs/list-differ/-/list-differ-1.0.0.tgz",
      "integrity": "sha512-HsbMKc0ZAQH+EUeCmI/2PvTYSybmkaWwakU8QGDYYgMVIg9BQ5sM0A0Nnombjxo2+JzXHxmH+jw//yGX+y6GYw=="
    }
  },
  "dependencies": {
    "@cfcs/core": {
      "version": "0.0.24",
      "resolved": "https://registry.npmjs.org/@cfcs/core/-/core-0.0.24.tgz",
      "integrity": "sha512-feB38qu+eDk0Pggh/yR7gjaNmvUYA2uCxHP3Pz2MLE4LZ/9jPdtu8bzCSI47yTEhWyZCF5Pk698hdz8IN2mTjA==",
      "requires": {
        "@egjs/component": "^3.0.4"
      }
    },
    "@egjs/children-differ": {
      "version": "1.0.1",
      "resolved": "https://registry.npmjs.org/@egjs/children-differ/-/children-differ-1.0.1.tgz",
      "integrity": "sha512-DRvyqMf+CPCOzAopQKHtW+X8iN6Hy6SFol+/7zCUiE5y4P/OB8JP8FtU4NxtZwtafvSL4faD5KoQYPj3JHzPFQ==",
      "requires": {
        "@egjs/list-differ": "^1.0.0"
      }
    },
    "@egjs/component": {
      "version": "3.0.5",
      "resolved": "https://registry.npmjs.org/@egjs/component/-/component-3.0.5.tgz",
      "integrity": "sha512-cLcGizTrrUNA2EYE3MBmEDt2tQv1joVP1Q3oDisZ5nw0MZDx2kcgEXM+/kZpfa/PAkFvYVhRUZwytIQWoN3V/w=="
    },
    "@egjs/grid": {
      "version": "1.18.0",
      "resolved": "https://registry.npmjs.org/@egjs/grid/-/grid-1.18.0.tgz",
      "integrity": "sha512-4iTFbSwk4/XEciFRh0ggpFz3dzja24JQ9dn3/7u3tz0E1YLvtoM0FfcQOwkV+g8P+XNb90L2ZICLhy4OIpW0mw==",
      "requires": {
        "@egjs/children-differ": "^1.0.1",
        "@egjs/component": "^3.0.0",
        "@egjs/imready": "^1.4.2"
      }
    },
    "@egjs/imready": {
      "version": "1.4.2",
      "resolved": "https://registry.npmjs.org/@egjs/imready/-/imready-1.4.2.tgz",
      "integrity": "sha512-ckV7KlBa23Bw6iZP59W2cMZfAmV5q0BtMoOz7ZkzIvjoOtkxfLZkqVJROSgDP5Ha0hsnskyL4vtom9Bt7FZSRQ==",
      "requires": {
        "@cfcs/core": "^0.0.24",
        "@egjs/component": "^3.0.1"
      }
    },
    "@egjs/list-differ": {
      "version": "1.0.0",
      "resolved": "https://registry.npmjs.org/@egjs/list-differ/-/list-differ-1.0.0.tgz",
      "integrity": "sha512-HsbMKc0ZAQH+EUeCmI/2PvTYSybmkaWwakU8QGDYYgMVIg9BQ5sM0A0Nnombjxo2+JzXHxmH+jw//yGX+y6GYw=="
    }
  }
}
